{
  "name": "lumigo-node-example",
  "version": "0.0.1",
  "lockfileVersion": 1,
  "requires": true,
  "dependencies": {
    "@lumigo/tracer": {
      "version": "file:../lumigo-tracer-2.0.28.tgz",
      "integrity": "sha512-ybkmLrisWRTIAolkgmH431lY4g/V8MnexZY+oi5iWOHAai9XuQuAANKu12ViGQbRz3j2h++btRh5/R855PpBlg=="
    }
  }
}
